{
  "name": "E-learning_Project",
  "version": "1.0.0",
  "lockfileVersion": 1,
  "requires": true,
  "dependencies": {
    "froala-editor": {
      "version": "3.1.1-2",
      "resolved": "https://registry.npmjs.org/froala-editor/-/froala-editor-3.1.1-2.tgz",
      "integrity": "sha512-sqQO38uDG2mpp6Zl8uq/sSH7/X9oAX4BBI+rbhsHTlloiQ5Jh91yTZxSdUgq4WhxWN/dHdhUkCyjYuuFLBFFxQ=="
    }
  }
}
